
Microsoft Visual Studio Solution File, Format Version 12.00
# Visual Studio Version 17
VisualStudioVersion = 17.3.32901.215
MinimumVisualStudioVersion = 10.0.40219.1
Project("{FAE04EC0-301F-11D3-BF4B-00C04F79EFBC}") = "WindowsFormsApp1", "WindowsFormsApp1\WindowsFormsApp1.csproj", "{79FC5922-B846-405B-BB90-50F1886FCD47}"
EndProject
Project("{9A19103F-16F7-4668-BE54-9A1E7A4F7556}") = "ArcBuilding.Test", "ArcBuilding.Test\ArcBuilding.Test.csproj", "{8E65AED2-C627-4856-B27A-D0EC74378B0C}"
EndProject
Global
	GlobalSection(SolutionConfigurationPlatforms) = preSolution
		Debug|Any CPU = Debug|Any CPU
		Release|Any CPU = Release|Any CPU
	EndGlobalSection
	GlobalSection(ProjectConfigurationPlatforms) = postSolution
		{79FC5922-B846-405B-BB90-50F1886FCD47}.Debug|Any CPU.ActiveCfg = Debug|Any CPU
		{79FC5922-B846-405B-BB90-50F1886FCD47}.Debug|Any CPU.Build.0 = Debug|Any CPU
		{79FC5922-B846-405B-BB90-50F1886FCD47}.Release|Any CPU.ActiveCfg = Release|Any CPU
		{79FC5922-B846-405B-BB90-50F1886FCD47}.Release|Any CPU.Build.0 = Release|Any CPU
		{8E65AED2-C627-4856-B27A-D0EC74378B0C}.Debug|Any CPU.ActiveCfg = Debug|Any CPU
		{8E65AED2-C627-4856-B27A-D0EC74378B0C}.Debug|Any CPU.Build.0 = Debug|Any CPU
		{8E65AED2-C627-4856-B27A-D0EC74378B0C}.Release|Any CPU.ActiveCfg = Release|Any CPU
		{8E65AED2-C627-4856-B27A-D0EC74378B0C}.Release|Any CPU.Build.0 = Release|Any CPU
	EndGlobalSection
	GlobalSection(SolutionProperties) = preSolution
		HideSolutionNode = FALSE
	EndGlobalSection
	GlobalSection(ExtensibilityGlobals) = postSolution
		SolutionGuid = {B133E7F0-7BBB-4542-9749-E22FA7F0A897}
	EndGlobalSection
EndGlobal
